PODS:
  - CCBluetooth (0.5.8):
    - CCToolbox
  - CCInsulinDelivery (0.1.0):
    - CCBluetooth
    - CCToolbox
  - CCToolbox (0.7.5)

DEPENDENCIES:
  - CCBluetooth (from `https://github.com/uhnmdi/CCBluetooth.git`)
  - CCInsulinDelivery (from `../`)
  - CCToolbox (from `https://github.com/uhnmdi/CCToolbox.git`)

EXTERNAL SOURCES:
  CCBluetooth:
    :git: https://github.com/uhnmdi/CCBluetooth.git
  CCInsulinDelivery:
    :path: ../
  CCToolbox:
    :git: https://github.com/uhnmdi/CCToolbox.git

CHECKOUT OPTIONS:
  CCBluetooth:
    :commit: f1b3e6929056e4e4cc89a302659069f211898614
    :git: https://github.com/uhnmdi/CCBluetooth.git
  CCToolbox:
    :commit: 5b001e7d3e9fcdc65bd95fac45a10ee7dff040b6
    :git: https://github.com/uhnmdi/CCToolbox.git

SPEC CHECKSUMS:
  CCBluetooth: cc605544b86213b99de03976dc57dae8a7660e4e
  CCInsulinDelivery: 77f6aba089e49bcbc5d22ae7f202cf627024df40
  CCToolbox: 18160066f8732de14e931394aa7181fe56a28075

PODFILE CHECKSUM: 3e4faa9ef2cd767e17b11c563d315a1cf4bb70a1

COCOAPODS: 1.3.1
