PODS:
  - CCBluetooth (0.5.8):
    - CCToolbox
  - CCInsulinDelivery (0.1.0):
    - CCBluetooth
    - CCToolbox
  - CCToolbox (0.8.3)

DEPENDENCIES:
  - CCBluetooth (from `https://github.com/uhnmdi/CCBluetooth.git`)
  - CCInsulinDelivery (from `../`)
  - CCToolbox (from `https://github.com/uhnmdi/CCToolbox.git`)

EXTERNAL SOURCES:
  CCBluetooth:
    :git: https://github.com/uhnmdi/CCBluetooth.git
  CCInsulinDelivery:
    :path: ../
  CCToolbox:
    :git: https://github.com/uhnmdi/CCToolbox.git

CHECKOUT OPTIONS:
  CCBluetooth:
    :commit: 84786c1c0a986505a51cfbc7a01b07b5ccb6f750
    :git: https://github.com/uhnmdi/CCBluetooth.git
  CCToolbox:
    :commit: 3b794993353b7f34b859ea8b67a4f0e8c71d6284
    :git: https://github.com/uhnmdi/CCToolbox.git

SPEC CHECKSUMS:
  CCBluetooth: cc605544b86213b99de03976dc57dae8a7660e4e
  CCInsulinDelivery: 77f6aba089e49bcbc5d22ae7f202cf627024df40
  CCToolbox: 1a8d1739ae7f1a9011d16c229f0643b10dcee05f

PODFILE CHECKSUM: 3e4faa9ef2cd767e17b11c563d315a1cf4bb70a1

COCOAPODS: 1.3.1
