PODS:
  - CCBluetooth (0.6.0):
    - CCToolbox
  - CCInsulinDelivery (0.1.0):
    - CCBluetooth
    - CCToolbox
  - CCToolbox (0.8.6)
  - SMART (3.0.1.1)
  - UICircularProgressRing (2.1.0)

DEPENDENCIES:
  - CCBluetooth (from `https://github.com/uhnmdi/CCBluetooth.git`)
  - CCInsulinDelivery (from `../`)
  - CCToolbox (from `https://github.com/uhnmdi/CCToolbox.git`)
  - SMART (from `https://github.com/uhnmdi/Swift-SMART.git`)
  - UICircularProgressRing

SPEC REPOS:
  https://github.com/CocoaPods/Specs.git:
    - UICircularProgressRing

EXTERNAL SOURCES:
  CCBluetooth:
    :git: https://github.com/uhnmdi/CCBluetooth.git
  CCInsulinDelivery:
    :path: "../"
  CCToolbox:
    :git: https://github.com/uhnmdi/CCToolbox.git
  SMART:
    :git: https://github.com/uhnmdi/Swift-SMART.git
    :submodules: true

CHECKOUT OPTIONS:
  CCBluetooth:
    :commit: 435ac447584c1d646c5423de408f33a585f5c6a6
    :git: https://github.com/uhnmdi/CCBluetooth.git
  CCToolbox:
    :commit: e74c698487a9a9b2f358d8c8364b3e73d93b7e57
    :git: https://github.com/uhnmdi/CCToolbox.git
  SMART:
    :commit: 2b8049cb8301321074e0f0355b79247a85b6d9ea
    :git: https://github.com/uhnmdi/Swift-SMART.git
    :submodules: true

SPEC CHECKSUMS:
  CCBluetooth: 73dfd4c8b92bd83000fb322a6fb00fb998b23778
  CCInsulinDelivery: b1582c711097711fb4ba716ca3e1a43c89a11174
  CCToolbox: d7ffcace3d86a4dc7b59422d2fd57b6f684fcf59
  SMART: f8601c49395718fa6dc06ec9e411242817bf7aaa
  UICircularProgressRing: 01b8f67bbaca7e3a83ccfa67630fe059a51211d1

PODFILE CHECKSUM: 9e2d43e567c4f1e26aef28c1b33c898e41754d19

COCOAPODS: 1.5.0
